
Microsoft Visual Studio Solution File, Format Version 12.00
# Visual Studio Version 17
VisualStudioVersion = 17.2.32630.192
MinimumVisualStudioVersion = 10.0.40219.1
Project("{9A19103F-16F7-4668-BE54-9A1E7A4F7556}") = "SignalRBlazor.Server", "SignalRBlazor\Server\SignalRBlazor.Server.csproj", "{35B8448D-C67C-4518-ACF0-6ECF9188CC8A}"
EndProject
Project("{9A19103F-16F7-4668-BE54-9A1E7A4F7556}") = "SignalRBlazor.Client", "SignalRBlazor\Client\SignalRBlazor.Client.csproj", "{938EE99B-7A8A-4F31-8F53-C2BD149336BC}"
EndProject
Project("{9A19103F-16F7-4668-BE54-9A1E7A4F7556}") = "SignalRBlazor.Shared", "SignalRBlazor\Shared\SignalRBlazor.Shared.csproj", "{D573E34D-5FDD-4BCB-A089-AD188137CDE4}"
EndProject
Project("{9A19103F-16F7-4668-BE54-9A1E7A4F7556}") = "BlazorApp1", "BlazorApp1\BlazorApp1.csproj", "{046AC2BC-C682-4C5E-8760-F72478242596}"
EndProject
Project("{9A19103F-16F7-4668-BE54-9A1E7A4F7556}") = "BlazorApp2", "BlazorApp2\BlazorApp2.csproj", "{A02F27F5-1095-475B-9383-8C14608CC7F4}"
EndProject
Project("{FAE04EC0-301F-11D3-BF4B-00C04F79EFBC}") = "ConvertAmountToTHB", "ConvertAmountToTHB\ConvertAmountToTHB.csproj", "{DB7F9FC0-ADE5-4DCD-B337-9F17E6267D25}"
EndProject
Global
	GlobalSection(SolutionConfigurationPlatforms) = preSolution
		Debug|Any CPU = Debug|Any CPU
		Release|Any CPU = Release|Any CPU
	EndGlobalSection
	GlobalSection(ProjectConfigurationPlatforms) = postSolution
		{35B8448D-C67C-4518-ACF0-6ECF9188CC8A}.Debug|Any CPU.ActiveCfg = Debug|Any CPU
		{35B8448D-C67C-4518-ACF0-6ECF9188CC8A}.Debug|Any CPU.Build.0 = Debug|Any CPU
		{35B8448D-C67C-4518-ACF0-6ECF9188CC8A}.Release|Any CPU.ActiveCfg = Release|Any CPU
		{35B8448D-C67C-4518-ACF0-6ECF9188CC8A}.Release|Any CPU.Build.0 = Release|Any CPU
		{938EE99B-7A8A-4F31-8F53-C2BD149336BC}.Debug|Any CPU.ActiveCfg = Debug|Any CPU
		{938EE99B-7A8A-4F31-8F53-C2BD149336BC}.Debug|Any CPU.Build.0 = Debug|Any CPU
		{938EE99B-7A8A-4F31-8F53-C2BD149336BC}.Release|Any CPU.ActiveCfg = Release|Any CPU
		{938EE99B-7A8A-4F31-8F53-C2BD149336BC}.Release|Any CPU.Build.0 = Release|Any CPU
		{D573E34D-5FDD-4BCB-A089-AD188137CDE4}.Debug|Any CPU.ActiveCfg = Debug|Any CPU
		{D573E34D-5FDD-4BCB-A089-AD188137CDE4}.Debug|Any CPU.Build.0 = Debug|Any CPU
		{D573E34D-5FDD-4BCB-A089-AD188137CDE4}.Release|Any CPU.ActiveCfg = Release|Any CPU
		{D573E34D-5FDD-4BCB-A089-AD188137CDE4}.Release|Any CPU.Build.0 = Release|Any CPU
		{046AC2BC-C682-4C5E-8760-F72478242596}.Debug|Any CPU.ActiveCfg = Debug|Any CPU
		{046AC2BC-C682-4C5E-8760-F72478242596}.Debug|Any CPU.Build.0 = Debug|Any CPU
		{046AC2BC-C682-4C5E-8760-F72478242596}.Release|Any CPU.ActiveCfg = Release|Any CPU
		{046AC2BC-C682-4C5E-8760-F72478242596}.Release|Any CPU.Build.0 = Release|Any CPU
		{A02F27F5-1095-475B-9383-8C14608CC7F4}.Debug|Any CPU.ActiveCfg = Debug|Any CPU
		{A02F27F5-1095-475B-9383-8C14608CC7F4}.Debug|Any CPU.Build.0 = Debug|Any CPU
		{A02F27F5-1095-475B-9383-8C14608CC7F4}.Release|Any CPU.ActiveCfg = Release|Any CPU
		{A02F27F5-1095-475B-9383-8C14608CC7F4}.Release|Any CPU.Build.0 = Release|Any CPU
		{DB7F9FC0-ADE5-4DCD-B337-9F17E6267D25}.Debug|Any CPU.ActiveCfg = Debug|Any CPU
		{DB7F9FC0-ADE5-4DCD-B337-9F17E6267D25}.Debug|Any CPU.Build.0 = Debug|Any CPU
		{DB7F9FC0-ADE5-4DCD-B337-9F17E6267D25}.Release|Any CPU.ActiveCfg = Release|Any CPU
		{DB7F9FC0-ADE5-4DCD-B337-9F17E6267D25}.Release|Any CPU.Build.0 = Release|Any CPU
	EndGlobalSection
	GlobalSection(SolutionProperties) = preSolution
		HideSolutionNode = FALSE
	EndGlobalSection
	GlobalSection(ExtensibilityGlobals) = postSolution
		SolutionGuid = {80038C24-9A40-472B-B4A1-991F486A45B2}
	EndGlobalSection
EndGlobal
